// !$*UTF8*$!
{
	archiveVersion = 1;
	classes = {
	};
	objectVersion = 46;
	objects = {

/* Begin PBXBuildFile section */
		B505B26015CF77960094F60E /* wood-wallpaper.jpg in Resources */ = {isa = PBXBuildFile; fileRef = B505B25F15CF77960094F60E /* wood-wallpaper.jpg */; };
		B505B2A815D0F4CE0094F60E /* wood_bar.jpg in Resources */ = {isa = PBXBuildFile; fileRef = B505B2A715D0F4CE0094F60E /* wood_bar.jpg */; };
		B505B2AB15D0F56F0094F60E /* grass.jpg in Resources */ = {isa = PBXBuildFile; fileRef = B505B2AA15D0F56F0094F60E /* grass.jpg */; };
		B505B2AD15D0F6270094F60E /* wood_bar.png in Resources */ = {isa = PBXBuildFile; fileRef = B505B2AC15D0F6270094F60E /* wood_bar.png */; };
		B5D64EB915CEE37100C51D68 /* UIKit.framework in Frameworks */ = {isa = PBXBuildFile; fileRef = B5D64EB815CEE37100C51D68 /* UIKit.framework */; };
		B5D64EBB15CEE37100C51D68 /* Foundation.framework in Frameworks */ = {isa = PBXBuildFile; fileRef = B5D64EBA15CEE37100C51D68 /* Foundation.framework */; };
		B5D64EBD15CEE37100C51D68 /* CoreGraphics.framework in Frameworks */ = {isa = PBXBuildFile; fileRef = B5D64EBC15CEE37100C51D68 /* CoreGraphics.framework */; };
		B5D64EC315CEE37100C51D68 /* InfoPlist.strings in Resources */ = {isa = PBXBuildFile; fileRef = B5D64EC115CEE37100C51D68 /* InfoPlist.strings */; };
		B5D64EC515CEE37100C51D68 /* main.m in Sources */ = {isa = PBXBuildFile; fileRef = B5D64EC415CEE37100C51D68 /* main.m */; };
		B5D64EC915CEE37100C51D68 /* AppDelegate.m in Sources */ = {isa = PBXBuildFile; fileRef = B5D64EC815CEE37100C51D68 /* AppDelegate.m */; };
		B5D64ED415CEE61800C51D68 /* HomeViewController.m in Sources */ = {isa = PBXBuildFile; fileRef = B5D64ED315CEE61800C51D68 /* HomeViewController.m */; };
/* End PBXBuildFile section */

/* Begin PBXFileReference section */
		B505B25F15CF77960094F60E /* wood-wallpaper.jpg */ = {isa = PBXFileReference; lastKnownFileType = image.jpeg; path = "wood-wallpaper.jpg"; sourceTree = "<group>"; };
		B505B2A715D0F4CE0094F60E /* wood_bar.jpg */ = {isa = PBXFileReference; lastKnownFileType = image.jpeg; path = wood_bar.jpg; sourceTree = "<group>"; };
		B505B2AA15D0F56F0094F60E /* grass.jpg */ = {isa = PBXFileReference; lastKnownFileType = image.jpeg; path = grass.jpg; sourceTree = "<group>"; };
		B505B2AC15D0F6270094F60E /* wood_bar.png */ = {isa = PBXFileReference; lastKnownFileType = image.png; path = wood_bar.png; sourceTree = "<group>"; };
		B5D64EB415CEE37100C51D68 /* JapaneseZenGarden.app */ = {isa = PBXFileReference; explicitFileType = wrapper.application; includeInIndex = 0; path = JapaneseZenGarden.app; sourceTree = BUILT_PRODUCTS_DIR; };
		B5D64EB815CEE37100C51D68 /* UIKit.framework */ = {isa = PBXFileReference; lastKnownFileType = wrapper.framework; name = UIKit.framework; path = System/Library/Frameworks/UIKit.framework; sourceTree = SDKROOT; };
		B5D64EBA15CEE37100C51D68 /* Foundation.framework */ = {isa = PBXFileReference; lastKnownFileType = wrapper.framework; name = Foundation.framework; path = System/Library/Frameworks/Foundation.framework; sourceTree = SDKROOT; };
		B5D64EBC15CEE37100C51D68 /* CoreGraphics.framework */ = {isa = PBXFileReference; lastKnownFileType = wrapper.framework; name = CoreGraphics.framework; path = System/Library/Frameworks/CoreGraphics.framework; sourceTree = SDKROOT; };
		B5D64EC015CEE37100C51D68 /* JapaneseZenGarden-Info.plist */ = {isa = PBXFileReference; lastKnownFileType = text.plist.xml; path = "JapaneseZenGarden-Info.plist"; sourceTree = "<group>"; };
		B5D64EC215CEE37100C51D68 /* en */ = {isa = PBXFileReference; lastKnownFileType = text.plist.strings; name = en; path = en.lproj/InfoPlist.strings; sourceTree = "<group>"; };
		B5D64EC415CEE37100C51D68 /* main.m */ = {isa = PBXFileReference; lastKnownFileType = sourcecode.c.objc; path = main.m; sourceTree = "<group>"; };
		B5D64EC615CEE37100C51D68 /* JapaneseZenGarden-Prefix.pch */ = {isa = PBXFileReference; lastKnownFileType = sourcecode.c.h; path = "JapaneseZenGarden-Prefix.pch"; sourceTree = "<group>"; };
		B5D64EC715CEE37100C51D68 /* AppDelegate.h */ = {isa = PBXFileReference; lastKnownFileType = sourcecode.c.h; path = AppDelegate.h; sourceTree = "<group>"; };
		B5D64EC815CEE37100C51D68 /* AppDelegate.m */ = {isa = PBXFileReference; lastKnownFileType = sourcecode.c.objc; path = AppDelegate.m; sourceTree = "<group>"; };
		B5D64ED215CEE61800C51D68 /* HomeViewController.h */ = {isa = PBXFileReference; fileEncoding = 4; lastKnownFileType = sourcecode.c.h; path = HomeViewController.h; sourceTree = "<group>"; };
		B5D64ED315CEE61800C51D68 /* HomeViewController.m */ = {isa = PBXFileReference; fileEncoding = 4; lastKnownFileType = sourcecode.c.objc; path = HomeViewController.m; sourceTree = "<group>"; };
/* End PBXFileReference section */

/* Begin PBXFrameworksBuildPhase section */
		B5D64EB115CEE37100C51D68 /* Frameworks */ = {
			isa = PBXFrameworksBuildPhase;
			buildActionMask = 2147483647;
			files = (
				B5D64EB915CEE37100C51D68 /* UIKit.framework in Frameworks */,
				B5D64EBB15CEE37100C51D68 /* Foundation.framework in Frameworks */,
				B5D64EBD15CEE37100C51D68 /* CoreGraphics.framework in Frameworks */,
			);
			runOnlyForDeploymentPostprocessing = 0;
		};
/* End PBXFrameworksBuildPhase section */

/* Begin PBXGroup section */
		B505B25D15CF773E0094F60E /* Images */ = {
			isa = PBXGroup;
			children = (
				B505B2AC15D0F6270094F60E /* wood_bar.png */,
				B505B2AA15D0F56F0094F60E /* grass.jpg */,
				B505B2A715D0F4CE0094F60E /* wood_bar.jpg */,
				B505B25F15CF77960094F60E /* wood-wallpaper.jpg */,
			);
			name = Images;
			sourceTree = "<group>";
		};
		B5D64EA915CEE37100C51D68 = {
			isa = PBXGroup;
			children = (
				B5D64EBE15CEE37100C51D68 /* JapaneseZenGarden */,
				B5D64EB715CEE37100C51D68 /* Frameworks */,
				B5D64EB515CEE37100C51D68 /* Products */,
			);
			sourceTree = "<group>";
		};
		B5D64EB515CEE37100C51D68 /* Products */ = {
			isa = PBXGroup;
			children = (
				B5D64EB415CEE37100C51D68 /* JapaneseZenGarden.app */,
			);
			name = Products;
			sourceTree = "<group>";
		};
		B5D64EB715CEE37100C51D68 /* Frameworks */ = {
			isa = PBXGroup;
			children = (
				B5D64EB815CEE37100C51D68 /* UIKit.framework */,
				B5D64EBA15CEE37100C51D68 /* Foundation.framework */,
				B5D64EBC15CEE37100C51D68 /* CoreGraphics.framework */,
			);
			name = Frameworks;
			sourceTree = "<group>";
		};
		B5D64EBE15CEE37100C51D68 /* JapaneseZenGarden */ = {
			isa = PBXGroup;
			children = (
				B505B25D15CF773E0094F60E /* Images */,
				B5D64EC715CEE37100C51D68 /* AppDelegate.h */,
				B5D64EC815CEE37100C51D68 /* AppDelegate.m */,
				B5D64EBF15CEE37100C51D68 /* Supporting Files */,
				B5D64ED215CEE61800C51D68 /* HomeViewController.h */,
				B5D64ED315CEE61800C51D68 /* HomeViewController.m */,
			);
			path = JapaneseZenGarden;
			sourceTree = "<group>";
		};
		B5D64EBF15CEE37100C51D68 /* Supporting Files */ = {
			isa = PBXGroup;
			children = (
				B5D64EC015CEE37100C51D68 /* JapaneseZenGarden-Info.plist */,
				B5D64EC115CEE37100C51D68 /* InfoPlist.strings */,
				B5D64EC415CEE37100C51D68 /* main.m */,
				B5D64EC615CEE37100C51D68 /* JapaneseZenGarden-Prefix.pch */,
			);
			name = "Supporting Files";
			sourceTree = "<group>";
		};
/* End PBXGroup section */

/* Begin PBXNativeTarget section */
		B5D64EB315CEE37100C51D68 /* JapaneseZenGarden */ = {
			isa = PBXNativeTarget;
			buildConfigurationList = B5D64ECC15CEE37100C51D68 /* Build configuration list for PBXNativeTarget "JapaneseZenGarden" */;
			buildPhases = (
				B5D64EB015CEE37100C51D68 /* Sources */,
				B5D64EB115CEE37100C51D68 /* Frameworks */,
				B5D64EB215CEE37100C51D68 /* Resources */,
			);
			buildRules = (
			);
			dependencies = (
			);
			name = JapaneseZenGarden;
			productName = JapaneseZenGarden;
			productReference = B5D64EB415CEE37100C51D68 /* JapaneseZenGarden.app */;
			productType = "com.apple.product-type.application";
		};
/* End PBXNativeTarget section */

/* Begin PBXProject section */
		B5D64EAB15CEE37100C51D68 /* Project object */ = {
			isa = PBXProject;
			attributes = {
				LastUpgradeCheck = 0430;
			};
			buildConfigurationList = B5D64EAE15CEE37100C51D68 /* Build configuration list for PBXProject "JapaneseZenGarden" */;
			compatibilityVersion = "Xcode 3.2";
			developmentRegion = English;
			hasScannedForEncodings = 0;
			knownRegions = (
				en,
			);
			mainGroup = B5D64EA915CEE37100C51D68;
			productRefGroup = B5D64EB515CEE37100C51D68 /* Products */;
			projectDirPath = "";
			projectRoot = "";
			targets = (
				B5D64EB315CEE37100C51D68 /* JapaneseZenGarden */,
			);
		};
/* End PBXProject section */

/* Begin PBXResourcesBuildPhase section */
		B5D64EB215CEE37100C51D68 /* Resources */ = {
			isa = PBXResourcesBuildPhase;
			buildActionMask = 2147483647;
			files = (
				B5D64EC315CEE37100C51D68 /* InfoPlist.strings in Resources */,
				B505B26015CF77960094F60E /* wood-wallpaper.jpg in Resources */,
				B505B2A815D0F4CE0094F60E /* wood_bar.jpg in Resources */,
				B505B2AB15D0F56F0094F60E /* grass.jpg in Resources */,
				B505B2AD15D0F6270094F60E /* wood_bar.png in Resources */,
			);
			runOnlyForDeploymentPostprocessing = 0;
		};
/* End PBXResourcesBuildPhase section */

/* Begin PBXSourcesBuildPhase section */
		B5D64EB015CEE37100C51D68 /* Sources */ = {
			isa = PBXSourcesBuildPhase;
			buildActionMask = 2147483647;
			files = (
				B5D64EC515CEE37100C51D68 /* main.m in Sources */,
				B5D64EC915CEE37100C51D68 /* AppDelegate.m in Sources */,
				B5D64ED415CEE61800C51D68 /* HomeViewController.m in Sources */,
			);
			runOnlyForDeploymentPostprocessing = 0;
		};
/* End PBXSourcesBuildPhase section */

/* Begin PBXVariantGroup section */
		B5D64EC115CEE37100C51D68 /* InfoPlist.strings */ = {
			isa = PBXVariantGroup;
			children = (
				B5D64EC215CEE37100C51D68 /* en */,
			);
			name = InfoPlist.strings;
			sourceTree = "<group>";
		};
/* End PBXVariantGroup section */

/* Begin XCBuildConfiguration section */
		B5D64ECA15CEE37100C51D68 /* Debug */ = {
			isa = XCBuildConfiguration;
			buildSettings = {
				ALWAYS_SEARCH_USER_PATHS = NO;
				ARCHS = "$(ARCHS_STANDARD_32_BIT)";
				CLANG_ENABLE_OBJC_ARC = YES;
				"CODE_SIGN_IDENTITY[sdk=iphoneos*]" = "iPhone Developer";
				COPY_PHASE_STRIP = NO;
				GCC_C_LANGUAGE_STANDARD = gnu99;
				GCC_DYNAMIC_NO_PIC = NO;
				GCC_OPTIMIZATION_LEVEL = 0;
				GCC_PREPROCESSOR_DEFINITIONS = (
					"DEBUG=1",
					"$(inherited)",
				);
				GCC_SYMBOLS_PRIVATE_EXTERN = NO;
				GCC_VERSION = com.apple.compilers.llvm.clang.1_0;
				GCC_WARN_ABOUT_RETURN_TYPE = YES;
				GCC_WARN_UNINITIALIZED_AUTOS = YES;
				GCC_WARN_UNUSED_VARIABLE = YES;
				IPHONEOS_DEPLOYMENT_TARGET = 5.1;
				SDKROOT = iphoneos;
			};
			name = Debug;
		};
		B5D64ECB15CEE37100C51D68 /* Release */ = {
			isa = XCBuildConfiguration;
			buildSettings = {
				ALWAYS_SEARCH_USER_PATHS = NO;
				ARCHS = "$(ARCHS_STANDARD_32_BIT)";
				CLANG_ENABLE_OBJC_ARC = YES;
				"CODE_SIGN_IDENTITY[sdk=iphoneos*]" = "iPhone Developer";
				COPY_PHASE_STRIP = YES;
				GCC_C_LANGUAGE_STANDARD = gnu99;
				GCC_VERSION = com.apple.compilers.llvm.clang.1_0;
				GCC_WARN_ABOUT_RETURN_TYPE = YES;
				GCC_WARN_UNINITIALIZED_AUTOS = YES;
				GCC_WARN_UNUSED_VARIABLE = YES;
				IPHONEOS_DEPLOYMENT_TARGET = 5.1;
				OTHER_CFLAGS = "-DNS_BLOCK_ASSERTIONS=1";
				SDKROOT = iphoneos;
				VALIDATE_PRODUCT = YES;
			};
			name = Release;
		};
		B5D64ECD15CEE37100C51D68 /* Debug */ = {
			isa = XCBuildConfiguration;
			buildSettings = {
				GCC_PRECOMPILE_PREFIX_HEADER = YES;
				GCC_PREFIX_HEADER = "JapaneseZenGarden/JapaneseZenGarden-Prefix.pch";
				INFOPLIST_FILE = "JapaneseZenGarden/JapaneseZenGarden-Info.plist";
				PRODUCT_NAME = "$(TARGET_NAME)";
				WRAPPER_EXTENSION = app;
			};
			name = Debug;
		};
		B5D64ECE15CEE37100C51D68 /* Release */ = {
			isa = XCBuildConfiguration;
			buildSettings = {
				GCC_PRECOMPILE_PREFIX_HEADER = YES;
				GCC_PREFIX_HEADER = "JapaneseZenGarden/JapaneseZenGarden-Prefix.pch";
				INFOPLIST_FILE = "JapaneseZenGarden/JapaneseZenGarden-Info.plist";
				PRODUCT_NAME = "$(TARGET_NAME)";
				WRAPPER_EXTENSION = app;
			};
			name = Release;
		};
/* End XCBuildConfiguration section */

/* Begin XCConfigurationList section */
		B5D64EAE15CEE37100C51D68 /* Build configuration list for PBXProject "JapaneseZenGarden" */ = {
			isa = XCConfigurationList;
			buildConfigurations = (
				B5D64ECA15CEE37100C51D68 /* Debug */,
				B5D64ECB15CEE37100C51D68 /* Release */,
			);
			defaultConfigurationIsVisible = 0;
			defaultConfigurationName = Release;
		};
		B5D64ECC15CEE37100C51D68 /* Build configuration list for PBXNativeTarget "JapaneseZenGarden" */ = {
			isa = XCConfigurationList;
			buildConfigurations = (
				B5D64ECD15CEE37100C51D68 /* Debug */,
				B5D64ECE15CEE37100C51D68 /* Release */,
			);
			defaultConfigurationIsVisible = 0;
			defaultConfigurationName = Release;
		};
/* End XCConfigurationList section */
	};
	rootObject = B5D64EAB15CEE37100C51D68 /* Project object */;
}
